
Microsoft Visual Studio Solution File, Format Version 12.00
# Visual Studio 15
VisualStudioVersion = 15.0.27130.2020
MinimumVisualStudioVersion = 10.0.40219.1
Project("{E24C65DC-7377-472B-9ABA-BC803B73C61A}") = "Plotter.co.za", ".", "{34ECF582-B4B2-461A-B1D1-648E3B27AA1A}"
	ProjectSection(WebsiteProperties) = preProject
		TargetFrameworkMoniker = ".NETFramework,Version%3Dv4.0"
		ProjectReferences = ""
		Debug.AspNetCompiler.VirtualPath = "/PlotterWEBSITE"
		Debug.AspNetCompiler.PhysicalPath = "..\Plotter.co.za\"
		Debug.AspNetCompiler.TargetPath = "PrecompiledWeb\PlotterWEBSITE\"
		Debug.AspNetCompiler.Updateable = "true"
		Debug.AspNetCompiler.ForceOverwrite = "true"
		Debug.AspNetCompiler.FixedNames = "false"
		Debug.AspNetCompiler.Debug = "True"
		Release.AspNetCompiler.VirtualPath = "/PlotterWEBSITE"
		Release.AspNetCompiler.PhysicalPath = "..\Plotter.co.za\"
		Release.AspNetCompiler.TargetPath = "PrecompiledWeb\PlotterWEBSITE\"
		Release.AspNetCompiler.Updateable = "true"
		Release.AspNetCompiler.ForceOverwrite = "true"
		Release.AspNetCompiler.FixedNames = "false"
		Release.AspNetCompiler.Debug = "False"
		VWDPort = "57091"
		SlnRelativePath = "..\Plotter.co.za\"
	EndProjectSection
EndProject
Global
	GlobalSection(SolutionConfigurationPlatforms) = preSolution
		Debug|.NET = Debug|.NET
		Debug|Any CPU = Debug|Any CPU
		Release|.NET = Release|.NET
		Release|Any CPU = Release|Any CPU
	EndGlobalSection
	GlobalSection(ProjectConfigurationPlatforms) = postSolution
		{34ECF582-B4B2-461A-B1D1-648E3B27AA1A}.Debug|.NET.ActiveCfg = Debug|Any CPU
		{34ECF582-B4B2-461A-B1D1-648E3B27AA1A}.Debug|.NET.Build.0 = Debug|Any CPU
		{34ECF582-B4B2-461A-B1D1-648E3B27AA1A}.Debug|Any CPU.ActiveCfg = Debug|Any CPU
		{34ECF582-B4B2-461A-B1D1-648E3B27AA1A}.Debug|Any CPU.Build.0 = Debug|Any CPU
		{34ECF582-B4B2-461A-B1D1-648E3B27AA1A}.Release|.NET.ActiveCfg = Debug|Any CPU
		{34ECF582-B4B2-461A-B1D1-648E3B27AA1A}.Release|.NET.Build.0 = Debug|Any CPU
		{34ECF582-B4B2-461A-B1D1-648E3B27AA1A}.Release|Any CPU.ActiveCfg = Debug|Any CPU
		{34ECF582-B4B2-461A-B1D1-648E3B27AA1A}.Release|Any CPU.Build.0 = Debug|Any CPU
	EndGlobalSection
	GlobalSection(SolutionProperties) = preSolution
		HideSolutionNode = FALSE
	EndGlobalSection
	GlobalSection(ExtensibilityGlobals) = postSolution
		SolutionGuid = {581C5105-CD36-48B0-8CAF-E3A3C476438F}
	EndGlobalSection
EndGlobal
